
Microsoft Visual Studio Solution File, Format Version 12.00
# Visual Studio Version 17
VisualStudioVersion = 17.0.32014.148
MinimumVisualStudioVersion = 10.0.40219.1
Project("{FAE04EC0-301F-11D3-BF4B-00C04F79EFBC}") = "AppCalculadora", "AppCalculadora\AppCalculadora.csproj", "{0F76B819-2158-4B91-A722-188B4F3EDC95}"
EndProject
Global
	GlobalSection(SolutionConfigurationPlatforms) = preSolution
		Debug|Any CPU = Debug|Any CPU
		Release|Any CPU = Release|Any CPU
	EndGlobalSection
	GlobalSection(ProjectConfigurationPlatforms) = postSolution
		{0F76B819-2158-4B91-A722-188B4F3EDC95}.Debug|Any CPU.ActiveCfg = Debug|Any CPU
		{0F76B819-2158-4B91-A722-188B4F3EDC95}.Debug|Any CPU.Build.0 = Debug|Any CPU
		{0F76B819-2158-4B91-A722-188B4F3EDC95}.Release|Any CPU.ActiveCfg = Release|Any CPU
		{0F76B819-2158-4B91-A722-188B4F3EDC95}.Release|Any CPU.Build.0 = Release|Any CPU
	EndGlobalSection
	GlobalSection(SolutionProperties) = preSolution
		HideSolutionNode = FALSE
	EndGlobalSection
	GlobalSection(ExtensibilityGlobals) = postSolution
		SolutionGuid = {CC453316-3A67-4F92-988E-C9D7AF67F521}
	EndGlobalSection
EndGlobal
